
Microsoft Visual Studio Solution File, Format Version 12.00
# Visual Studio Version 17
VisualStudioVersion = 17.3.32929.385
MinimumVisualStudioVersion = 10.0.40219.1
Project("{FAE04EC0-301F-11D3-BF4B-00C04F79EFBC}") = "Bolao10.Web", "Bolao10.web\Bolao10.Web.csproj", "{8B2A88F8-F180-4C64-99DA-592C1C04976D}"
EndProject
Project("{FAE04EC0-301F-11D3-BF4B-00C04F79EFBC}") = "Bolao10.Model", "Bolao10.Model\Bolao10.Model.csproj", "{80C74BD0-7033-4710-A37A-88D59E338151}"
EndProject
Project("{FAE04EC0-301F-11D3-BF4B-00C04F79EFBC}") = "Bolao10.Persistence", "Bolao10.Persistence\Bolao10.Persistence.csproj", "{B6306F21-C40C-4381-95CC-22BD0F24BE97}"
EndProject
Global
	GlobalSection(SolutionConfigurationPlatforms) = preSolution
		Debug|Any CPU = Debug|Any CPU
		Release|Any CPU = Release|Any CPU
	EndGlobalSection
	GlobalSection(ProjectConfigurationPlatforms) = postSolution
		{8B2A88F8-F180-4C64-99DA-592C1C04976D}.Debug|Any CPU.ActiveCfg = Debug|Any CPU
		{8B2A88F8-F180-4C64-99DA-592C1C04976D}.Debug|Any CPU.Build.0 = Debug|Any CPU
		{8B2A88F8-F180-4C64-99DA-592C1C04976D}.Release|Any CPU.ActiveCfg = Release|Any CPU
		{8B2A88F8-F180-4C64-99DA-592C1C04976D}.Release|Any CPU.Build.0 = Release|Any CPU
		{80C74BD0-7033-4710-A37A-88D59E338151}.Debug|Any CPU.ActiveCfg = Debug|Any CPU
		{80C74BD0-7033-4710-A37A-88D59E338151}.Debug|Any CPU.Build.0 = Debug|Any CPU
		{80C74BD0-7033-4710-A37A-88D59E338151}.Release|Any CPU.ActiveCfg = Release|Any CPU
		{80C74BD0-7033-4710-A37A-88D59E338151}.Release|Any CPU.Build.0 = Release|Any CPU
		{B6306F21-C40C-4381-95CC-22BD0F24BE97}.Debug|Any CPU.ActiveCfg = Debug|Any CPU
		{B6306F21-C40C-4381-95CC-22BD0F24BE97}.Debug|Any CPU.Build.0 = Debug|Any CPU
		{B6306F21-C40C-4381-95CC-22BD0F24BE97}.Release|Any CPU.ActiveCfg = Release|Any CPU
		{B6306F21-C40C-4381-95CC-22BD0F24BE97}.Release|Any CPU.Build.0 = Release|Any CPU
	EndGlobalSection
	GlobalSection(SolutionProperties) = preSolution
		HideSolutionNode = FALSE
	EndGlobalSection
	GlobalSection(ExtensibilityGlobals) = postSolution
		SolutionGuid = {BA068382-7640-4B78-9424-725E9D5212C0}
	EndGlobalSection
EndGlobal
